
Microsoft Visual Studio Solution File, Format Version 12.00
# Visual Studio Version 17
VisualStudioVersion = 17.4.33213.308
MinimumVisualStudioVersion = 10.0.40219.1
Project("{FAE04EC0-301F-11D3-BF4B-00C04F79EFBC}") = "ROCK_PAPER_SCISSORS_GAME", "ROCK_PAPER_SCISSORS_GAME\ROCK_PAPER_SCISSORS_GAME.csproj", "{FCB03DE2-B770-4ACF-8352-44E4C5B969BA}"
EndProject
Global
	GlobalSection(SolutionConfigurationPlatforms) = preSolution
		Debug|Any CPU = Debug|Any CPU
		Release|Any CPU = Release|Any CPU
	EndGlobalSection
	GlobalSection(ProjectConfigurationPlatforms) = postSolution
		{FCB03DE2-B770-4ACF-8352-44E4C5B969BA}.Debug|Any CPU.ActiveCfg = Debug|Any CPU
		{FCB03DE2-B770-4ACF-8352-44E4C5B969BA}.Debug|Any CPU.Build.0 = Debug|Any CPU
		{FCB03DE2-B770-4ACF-8352-44E4C5B969BA}.Release|Any CPU.ActiveCfg = Release|Any CPU
		{FCB03DE2-B770-4ACF-8352-44E4C5B969BA}.Release|Any CPU.Build.0 = Release|Any CPU
	EndGlobalSection
	GlobalSection(SolutionProperties) = preSolution
		HideSolutionNode = FALSE
	EndGlobalSection
	GlobalSection(ExtensibilityGlobals) = postSolution
		SolutionGuid = {4982A16D-58AE-4C6C-9F35-E1E4A89E31B3}
	EndGlobalSection
EndGlobal
